
Microsoft Visual Studio Solution File, Format Version 12.00
# Visual Studio Version 17
VisualStudioVersion = 17.4.33205.214
MinimumVisualStudioVersion = 10.0.40219.1
Project("{FAE04EC0-301F-11D3-BF4B-00C04F79EFBC}") = "My Face Tracker", "My Face Tracker\My Face Tracker.csproj", "{740AC86A-DE53-4A47-8E8E-DC08B59676C8}"
EndProject
Global
	GlobalSection(SolutionConfigurationPlatforms) = preSolution
		Debug|Any CPU = Debug|Any CPU
		Release|Any CPU = Release|Any CPU
	EndGlobalSection
	GlobalSection(ProjectConfigurationPlatforms) = postSolution
		{740AC86A-DE53-4A47-8E8E-DC08B59676C8}.Debug|Any CPU.ActiveCfg = Debug|Any CPU
		{740AC86A-DE53-4A47-8E8E-DC08B59676C8}.Debug|Any CPU.Build.0 = Debug|Any CPU
		{740AC86A-DE53-4A47-8E8E-DC08B59676C8}.Release|Any CPU.ActiveCfg = Release|Any CPU
		{740AC86A-DE53-4A47-8E8E-DC08B59676C8}.Release|Any CPU.Build.0 = Release|Any CPU
	EndGlobalSection
	GlobalSection(SolutionProperties) = preSolution
		HideSolutionNode = FALSE
	EndGlobalSection
	GlobalSection(ExtensibilityGlobals) = postSolution
		SolutionGuid = {79D23DB1-7784-4C9A-A22D-84CFD8233785}
	EndGlobalSection
EndGlobal
